// !$*UTF8*$!
{
	archiveVersion = 1;
	classes = {
	};
	objectVersion = 46;
	objects = {

/* Begin PBXBuildFile section */
		58237AB51B39074E0012CACB /* ISee-linphonerc in Resources */ = {isa = PBXBuildFile; fileRef = 58237AB41B39074E0012CACB /* ISee-linphonerc */; };
		5835E34F1B82CE260038188E /* xml in Resources */ = {isa = PBXBuildFile; fileRef = 5835E34E1B82CE260038188E /* xml */; };
		58A5FBC91B79E55900CEF2DC /* icon.png in Resources */ = {isa = PBXBuildFile; fileRef = 58A5FBC81B79E55900CEF2DC /* icon.png */; };
		58B70AB61B62397A0073C8B8 /* audio_file@2x.png in Resources */ = {isa = PBXBuildFile; fileRef = 58B70AB51B62397A0073C8B8 /* audio_file@2x.png */; };
		58B70AB81B6239840073C8B8 /* vedio_type@2x.png in Resources */ = {isa = PBXBuildFile; fileRef = 58B70AB71B6239840073C8B8 /* vedio_type@2x.png */; };
		58C39FEF1B69CAB100DE9FCE /* libiconv.dylib in Frameworks */ = {isa = PBXBuildFile; fileRef = 58C39FEE1B69CAB100DE9FCE /* libiconv.dylib */; };
		58C42CC81B4BB2AF00B6DFD5 /* libtmbVoIPMob.a in Frameworks */ = {isa = PBXBuildFile; fileRef = 58C42CBF1B4BA69500B6DFD5 /* libtmbVoIPMob.a */; };
		58C42CC91B4BB2C000B6DFD5 /* libTMBVoIPMob.bundle in Resources */ = {isa = PBXBuildFile; fileRef = 58C42CC11B4BA69500B6DFD5 /* libTMBVoIPMob.bundle */; };
		58E042831B2EC09600A53F02 /* main.m in Sources */ = {isa = PBXBuildFile; fileRef = 58E042821B2EC09600A53F02 /* main.m */; };
		58E042861B2EC09600A53F02 /* AppDelegate.m in Sources */ = {isa = PBXBuildFile; fileRef = 58E042851B2EC09600A53F02 /* AppDelegate.m */; };
		58E042891B2EC09600A53F02 /* FirstViewController.m in Sources */ = {isa = PBXBuildFile; fileRef = 58E042881B2EC09600A53F02 /* FirstViewController.m */; };
		58E0428C1B2EC09600A53F02 /* SecondViewController.m in Sources */ = {isa = PBXBuildFile; fileRef = 58E0428B1B2EC09600A53F02 /* SecondViewController.m */; };
		58E0428F1B2EC09600A53F02 /* Main.storyboard in Resources */ = {isa = PBXBuildFile; fileRef = 58E0428D1B2EC09600A53F02 /* Main.storyboard */; };
		58E042911B2EC09600A53F02 /* Images.xcassets in Resources */ = {isa = PBXBuildFile; fileRef = 58E042901B2EC09600A53F02 /* Images.xcassets */; };
		58E042941B2EC09600A53F02 /* LaunchScreen.xib in Resources */ = {isa = PBXBuildFile; fileRef = 58E042921B2EC09600A53F02 /* LaunchScreen.xib */; };
		58E042A01B2EC09600A53F02 /* VoIPMobDemoTests.m in Sources */ = {isa = PBXBuildFile; fileRef = 58E0429F1B2EC09600A53F02 /* VoIPMobDemoTests.m */; };
		58E042AA1B2EC17300A53F02 /* UIKit.framework in Frameworks */ = {isa = PBXBuildFile; fileRef = 58E042A91B2EC17300A53F02 /* UIKit.framework */; };
		58E042AD1B2EC1AB00A53F02 /* SystemConfiguration.framework in Frameworks */ = {isa = PBXBuildFile; fileRef = 58E042AC1B2EC1AB00A53F02 /* SystemConfiguration.framework */; };
		58E042AF1B2EC1BA00A53F02 /* QuartzCore.framework in Frameworks */ = {isa = PBXBuildFile; fileRef = 58E042AE1B2EC1BA00A53F02 /* QuartzCore.framework */; };
		58E042B11B2EC1C200A53F02 /* OpenGLES.framework in Frameworks */ = {isa = PBXBuildFile; fileRef = 58E042B01B2EC1C200A53F02 /* OpenGLES.framework */; };
		58E042B31B2EC1C900A53F02 /* MobileCoreServices.framework in Frameworks */ = {isa = PBXBuildFile; fileRef = 58E042B21B2EC1C900A53F02 /* MobileCoreServices.framework */; };
		58E042B51B2EC1D100A53F02 /* MessageUI.framework in Frameworks */ = {isa = PBXBuildFile; fileRef = 58E042B41B2EC1D100A53F02 /* MessageUI.framework */; };
		58E042B71B2EC1D800A53F02 /* MediaPlayer.framework in Frameworks */ = {isa = PBXBuildFile; fileRef = 58E042B61B2EC1D800A53F02 /* MediaPlayer.framework */; };
		58E042B91B2EC1E000A53F02 /* Foundation.framework in Frameworks */ = {isa = PBXBuildFile; fileRef = 58E042B81B2EC1E000A53F02 /* Foundation.framework */; };
		58E042BB1B2EC1E800A53F02 /* CoreVideo.framework in Frameworks */ = {isa = PBXBuildFile; fileRef = 58E042BA1B2EC1E800A53F02 /* CoreVideo.framework */; };
		58E042BD1B2EC1F100A53F02 /* CoreTelephony.framework in Frameworks */ = {isa = PBXBuildFile; fileRef = 58E042BC1B2EC1F100A53F02 /* CoreTelephony.framework */; };
		58E042BF1B2EC1FA00A53F02 /* CoreMedia.framework in Frameworks */ = {isa = PBXBuildFile; fileRef = 58E042BE1B2EC1FA00A53F02 /* CoreMedia.framework */; };
		58E042C11B2EC20300A53F02 /* CoreGraphics.framework in Frameworks */ = {isa = PBXBuildFile; fileRef = 58E042C01B2EC20300A53F02 /* CoreGraphics.framework */; };
		58E042C31B2EC20C00A53F02 /* CoreAudio.framework in Frameworks */ = {isa = PBXBuildFile; fileRef = 58E042C21B2EC20C00A53F02 /* CoreAudio.framework */; };
		58E042C51B2EC21300A53F02 /* CFNetwork.framework in Frameworks */ = {isa = PBXBuildFile; fileRef = 58E042C41B2EC21300A53F02 /* CFNetwork.framework */; };
		58E042C71B2EC21A00A53F02 /* AVFoundation.framework in Frameworks */ = {isa = PBXBuildFile; fileRef = 58E042C61B2EC21A00A53F02 /* AVFoundation.framework */; };
		58E042C91B2EC22200A53F02 /* AudioToolbox.framework in Frameworks */ = {isa = PBXBuildFile; fileRef = 58E042C81B2EC22200A53F02 /* AudioToolbox.framework */; };
		58E042CB1B2EC23600A53F02 /* AssetsLibrary.framework in Frameworks */ = {isa = PBXBuildFile; fileRef = 58E042CA1B2EC23600A53F02 /* AssetsLibrary.framework */; };
		58E042CD1B2EC24B00A53F02 /* libresolv.dylib in Frameworks */ = {isa = PBXBuildFile; fileRef = 58E042CC1B2EC24B00A53F02 /* libresolv.dylib */; };
		58E042CF1B2EC25700A53F02 /* libstdc++.6.dylib in Frameworks */ = {isa = PBXBuildFile; fileRef = 58E042CE1B2EC25700A53F02 /* libstdc++.6.dylib */; };
		58E042D11B2EC26300A53F02 /* libsqlite3.dylib in Frameworks */ = {isa = PBXBuildFile; fileRef = 58E042D01B2EC26300A53F02 /* libsqlite3.dylib */; };
		58E042D31B2EC26D00A53F02 /* libc++.1.dylib in Frameworks */ = {isa = PBXBuildFile; fileRef = 58E042D21B2EC26C00A53F02 /* libc++.1.dylib */; };
		58E042D51B2EC27600A53F02 /* libz.dylib in Frameworks */ = {isa = PBXBuildFile; fileRef = 58E042D41B2EC27600A53F02 /* libz.dylib */; };
		58F35B471B317314007F442D /* Default-568h@2x.png in Resources */ = {isa = PBXBuildFile; fileRef = 58F35B441B317314007F442D /* Default-568h@2x.png */; };
		58F35B481B317314007F442D /* Default.png in Resources */ = {isa = PBXBuildFile; fileRef = 58F35B451B317314007F442D /* Default.png */; };
		58F35B491B317314007F442D /* Default@2x.png in Resources */ = {isa = PBXBuildFile; fileRef = 58F35B461B317314007F442D /* Default@2x.png */; };
/* End PBXBuildFile section */

/* Begin PBXContainerItemProxy section */
		58C42CBE1B4BA69500B6DFD5 /* PBXContainerItemProxy */ = {
			isa = PBXContainerItemProxy;
			containerPortal = 58C42CB91B4BA69500B6DFD5 /* tmbVoIPMob.xcodeproj */;
			proxyType = 2;
			remoteGlobalIDString = 588118A21B2A7C4D00A262F4;
			remoteInfo = tmbVoIPMob;
		};
		58C42CC01B4BA69500B6DFD5 /* PBXContainerItemProxy */ = {
			isa = PBXContainerItemProxy;
			containerPortal = 58C42CB91B4BA69500B6DFD5 /* tmbVoIPMob.xcodeproj */;
			proxyType = 2;
			remoteGlobalIDString = 58F473B11B2FC22400D1E8F0;
			remoteInfo = libTMBVoIPMob;
		};
		58C42CC41B4BAD0800B6DFD5 /* PBXContainerItemProxy */ = {
			isa = PBXContainerItemProxy;
			containerPortal = 58C42CB91B4BA69500B6DFD5 /* tmbVoIPMob.xcodeproj */;
			proxyType = 1;
			remoteGlobalIDString = 588118A11B2A7C4D00A262F4;
			remoteInfo = tmbVoIPMob;
		};
		58C42CC61B4BAD0C00B6DFD5 /* PBXContainerItemProxy */ = {
			isa = PBXContainerItemProxy;
			containerPortal = 58C42CB91B4BA69500B6DFD5 /* tmbVoIPMob.xcodeproj */;
			proxyType = 1;
			remoteGlobalIDString = 58F473B01B2FC22400D1E8F0;
			remoteInfo = libTMBVoIPMob;
		};
		58E0429A1B2EC09600A53F02 /* PBXContainerItemProxy */ = {
			isa = PBXContainerItemProxy;
			containerPortal = 58E042751B2EC09600A53F02 /* Project object */;
			proxyType = 1;
			remoteGlobalIDString = 58E0427C1B2EC09600A53F02;
			remoteInfo = VoIPMobDemo;
		};
/* End PBXContainerItemProxy section */

/* Begin PBXFileReference section */
		58237AB41B39074E0012CACB /* ISee-linphonerc */ = {isa = PBXFileReference; fileEncoding = 4; lastKnownFileType = text; path = "ISee-linphonerc"; sourceTree = "<group>"; };
		5835E34E1B82CE260038188E /* xml */ = {isa = PBXFileReference; fileEncoding = 4; lastKnownFileType = text; path = xml; sourceTree = "<group>"; };
		584DCBBD1B60C47800B7718B /* tmbVoIPMob.h */ = {isa = PBXFileReference; lastKnownFileType = sourcecode.c.h; path = tmbVoIPMob.h; sourceTree = "<group>"; };
		58A5FBC81B79E55900CEF2DC /* icon.png */ = {isa = PBXFileReference; lastKnownFileType = image.png; path = icon.png; sourceTree = "<group>"; };
		58B70AB51B62397A0073C8B8 /* audio_file@2x.png */ = {isa = PBXFileReference; lastKnownFileType = image.png; path = "audio_file@2x.png"; sourceTree = "<group>"; };
		58B70AB71B6239840073C8B8 /* vedio_type@2x.png */ = {isa = PBXFileReference; lastKnownFileType = image.png; path = "vedio_type@2x.png"; sourceTree = "<group>"; };
		58C39FEE1B69CAB100DE9FCE /* libiconv.dylib */ = {isa = PBXFileReference; lastKnownFileType = "compiled.mach-o.dylib"; name = libiconv.dylib; path = usr/lib/libiconv.dylib; sourceTree = SDKROOT; };
		58C42CB91B4BA69500B6DFD5 /* tmbVoIPMob.xcodeproj */ = {isa = PBXFileReference; lastKnownFileType = "wrapper.pb-project"; name = tmbVoIPMob.xcodeproj; path = "../../../../go on 11 ITalk/YIDa/ChatDemo-UI2.0/TmbChatMob/tmbChatMob/Utilities/tmbVoIPMob/tmbVoIPMob.xcodeproj"; sourceTree = "<group>"; };
		58E0427D1B2EC09600A53F02 /* VoIPMobDemo.app */ = {isa = PBXFileReference; explicitFileType = wrapper.application; includeInIndex = 0; path = VoIPMobDemo.app; sourceTree = BUILT_PRODUCTS_DIR; };
		58E042811B2EC09600A53F02 /* Info.plist */ = {isa = PBXFileReference; lastKnownFileType = text.plist.xml; path = Info.plist; sourceTree = "<group>"; };
		58E042821B2EC09600A53F02 /* main.m */ = {isa = PBXFileReference; lastKnownFileType = sourcecode.c.objc; path = main.m; sourceTree = "<group>"; };
		58E042841B2EC09600A53F02 /* AppDelegate.h */ = {isa = PBXFileReference; lastKnownFileType = sourcecode.c.h; path = AppDelegate.h; sourceTree = "<group>"; };
		58E042851B2EC09600A53F02 /* AppDelegate.m */ = {isa = PBXFileReference; lastKnownFileType = sourcecode.c.objc; path = AppDelegate.m; sourceTree = "<group>"; };
		58E042871B2EC09600A53F02 /* FirstViewController.h */ = {isa = PBXFileReference; lastKnownFileType = sourcecode.c.h; path = FirstViewController.h; sourceTree = "<group>"; };
		58E042881B2EC09600A53F02 /* FirstViewController.m */ = {isa = PBXFileReference; lastKnownFileType = sourcecode.c.objc; path = FirstViewController.m; sourceTree = "<group>"; };
		58E0428A1B2EC09600A53F02 /* SecondViewController.h */ = {isa = PBXFileReference; lastKnownFileType = sourcecode.c.h; path = SecondViewController.h; sourceTree = "<group>"; };
		58E0428B1B2EC09600A53F02 /* SecondViewController.m */ = {isa = PBXFileReference; lastKnownFileType = sourcecode.c.objc; path = SecondViewController.m; sourceTree = "<group>"; };
		58E0428E1B2EC09600A53F02 /* Base */ = {isa = PBXFileReference; lastKnownFileType = file.storyboard; name = Base; path = Base.lproj/Main.storyboard; sourceTree = "<group>"; };
		58E042901B2EC09600A53F02 /* Images.xcassets */ = {isa = PBXFileReference; lastKnownFileType = folder.assetcatalog; path = Images.xcassets; sourceTree = "<group>"; };
		58E042931B2EC09600A53F02 /* Base */ = {isa = PBXFileReference; lastKnownFileType = file.xib; name = Base; path = Base.lproj/LaunchScreen.xib; sourceTree = "<group>"; };
		58E042991B2EC09600A53F02 /* VoIPMobDemoTests.xctest */ = {isa = PBXFileReference; explicitFileType = wrapper.cfbundle; includeInIndex = 0; path = VoIPMobDemoTests.xctest; sourceTree = BUILT_PRODUCTS_DIR; };
		58E0429E1B2EC09600A53F02 /* Info.plist */ = {isa = PBXFileReference; lastKnownFileType = text.plist.xml; path = Info.plist; sourceTree = "<group>"; };
		58E0429F1B2EC09600A53F02 /* VoIPMobDemoTests.m */ = {isa = PBXFileReference; lastKnownFileType = sourcecode.c.objc; path = VoIPMobDemoTests.m; sourceTree = "<group>"; };
		58E042A91B2EC17300A53F02 /* UIKit.framework */ = {isa = PBXFileReference; lastKnownFileType = wrapper.framework; name = UIKit.framework; path = System/Library/Frameworks/UIKit.framework; sourceTree = SDKROOT; };
		58E042AC1B2EC1AB00A53F02 /* SystemConfiguration.framework */ = {isa = PBXFileReference; lastKnownFileType = wrapper.framework; name = SystemConfiguration.framework; path = System/Library/Frameworks/SystemConfiguration.framework; sourceTree = SDKROOT; };
		58E042AE1B2EC1BA00A53F02 /* QuartzCore.framework */ = {isa = PBXFileReference; lastKnownFileType = wrapper.framework; name = QuartzCore.framework; path = System/Library/Frameworks/QuartzCore.framework; sourceTree = SDKROOT; };
		58E042B01B2EC1C200A53F02 /* OpenGLES.framework */ = {isa = PBXFileReference; lastKnownFileType = wrapper.framework; name = OpenGLES.framework; path = System/Library/Frameworks/OpenGLES.framework; sourceTree = SDKROOT; };
		58E042B21B2EC1C900A53F02 /* MobileCoreServices.framework */ = {isa = PBXFileReference; lastKnownFileType = wrapper.framework; name = MobileCoreServices.framework; path = System/Library/Frameworks/MobileCoreServices.framework; sourceTree = SDKROOT; };
		58E042B41B2EC1D100A53F02 /* MessageUI.framework */ = {isa = PBXFileReference; lastKnownFileType = wrapper.framework; name = MessageUI.framework; path = System/Library/Frameworks/MessageUI.framework; sourceTree = SDKROOT; };
		58E042B61B2EC1D800A53F02 /* MediaPlayer.framework */ = {isa = PBXFileReference; lastKnownFileType = wrapper.framework; name = MediaPlayer.framework; path = System/Library/Frameworks/MediaPlayer.framework; sourceTree = SDKROOT; };
		58E042B81B2EC1E000A53F02 /* Foundation.framework */ = {isa = PBXFileReference; lastKnownFileType = wrapper.framework; name = Foundation.framework; path = System/Library/Frameworks/Foundation.framework; sourceTree = SDKROOT; };
		58E042BA1B2EC1E800A53F02 /* CoreVideo.framework */ = {isa = PBXFileReference; lastKnownFileType = wrapper.framework; name = CoreVideo.framework; path = System/Library/Frameworks/CoreVideo.framework; sourceTree = SDKROOT; };
		58E042BC1B2EC1F100A53F02 /* CoreTelephony.framework */ = {isa = PBXFileReference; lastKnownFileType = wrapper.framework; name = CoreTelephony.framework; path = System/Library/Frameworks/CoreTelephony.framework; sourceTree = SDKROOT; };
		58E042BE1B2EC1FA00A53F02 /* CoreMedia.framework */ = {isa = PBXFileReference; lastKnownFileType = wrapper.framework; name = CoreMedia.framework; path = System/Library/Frameworks/CoreMedia.framework; sourceTree = SDKROOT; };
		58E042C01B2EC20300A53F02 /* CoreGraphics.framework */ = {isa = PBXFileReference; lastKnownFileType = wrapper.framework; name = CoreGraphics.framework; path = System/Library/Frameworks/CoreGraphics.framework; sourceTree = SDKROOT; };
		58E042C21B2EC20C00A53F02 /* CoreAudio.framework */ = {isa = PBXFileReference; lastKnownFileType = wrapper.framework; name = CoreAudio.framework; path = System/Library/Frameworks/CoreAudio.framework; sourceTree = SDKROOT; };
		58E042C41B2EC21300A53F02 /* CFNetwork.framework */ = {isa = PBXFileReference; lastKnownFileType = wrapper.framework; name = CFNetwork.framework; path = System/Library/Frameworks/CFNetwork.framework; sourceTree = SDKROOT; };
		58E042C61B2EC21A00A53F02 /* AVFoundation.framework */ = {isa = PBXFileReference; lastKnownFileType = wrapper.framework; name = AVFoundation.framework; path = System/Library/Frameworks/AVFoundation.framework; sourceTree = SDKROOT; };
		58E042C81B2EC22200A53F02 /* AudioToolbox.framework */ = {isa = PBXFileReference; lastKnownFileType = wrapper.framework; name = AudioToolbox.framework; path = System/Library/Frameworks/AudioToolbox.framework; sourceTree = SDKROOT; };
		58E042CA1B2EC23600A53F02 /* AssetsLibrary.framework */ = {isa = PBXFileReference; lastKnownFileType = wrapper.framework; name = AssetsLibrary.framework; path = System/Library/Frameworks/AssetsLibrary.framework; sourceTree = SDKROOT; };
		58E042CC1B2EC24B00A53F02 /* libresolv.dylib */ = {isa = PBXFileReference; lastKnownFileType = "compiled.mach-o.dylib"; name = libresolv.dylib; path = usr/lib/libresolv.dylib; sourceTree = SDKROOT; };
		58E042CE1B2EC25700A53F02 /* libstdc++.6.dylib */ = {isa = PBXFileReference; lastKnownFileType = "compiled.mach-o.dylib"; name = "libstdc++.6.dylib"; path = "usr/lib/libstdc++.6.dylib"; sourceTree = SDKROOT; };
		58E042D01B2EC26300A53F02 /* libsqlite3.dylib */ = {isa = PBXFileReference; lastKnownFileType = "compiled.mach-o.dylib"; name = libsqlite3.dylib; path = usr/lib/libsqlite3.dylib; sourceTree = SDKROOT; };
		58E042D21B2EC26C00A53F02 /* libc++.1.dylib */ = {isa = PBXFileReference; lastKnownFileType = "compiled.mach-o.dylib"; name = "libc++.1.dylib"; path = "usr/lib/libc++.1.dylib"; sourceTree = SDKROOT; };
		58E042D41B2EC27600A53F02 /* libz.dylib */ = {isa = PBXFileReference; lastKnownFileType = "compiled.mach-o.dylib"; name = libz.dylib; path = usr/lib/libz.dylib; sourceTree = SDKROOT; };
		58F35B441B317314007F442D /* Default-568h@2x.png */ = {isa = PBXFileReference; lastKnownFileType = image.png; path = "Default-568h@2x.png"; sourceTree = "<group>"; };
		58F35B451B317314007F442D /* Default.png */ = {isa = PBXFileReference; lastKnownFileType = image.png; path = Default.png; sourceTree = "<group>"; };
		58F35B461B317314007F442D /* Default@2x.png */ = {isa = PBXFileReference; lastKnownFileType = image.png; path = "Default@2x.png"; sourceTree = "<group>"; };
/* End PBXFileReference section */

/* Begin PBXFrameworksBuildPhase section */
		58E0427A1B2EC09600A53F02 /* Frameworks */ = {
			isa = PBXFrameworksBuildPhase;
			buildActionMask = 2147483647;
			files = (
				58C39FEF1B69CAB100DE9FCE /* libiconv.dylib in Frameworks */,
				58C42CC81B4BB2AF00B6DFD5 /* libtmbVoIPMob.a in Frameworks */,
				58E042D51B2EC27600A53F02 /* libz.dylib in Frameworks */,
				58E042D31B2EC26D00A53F02 /* libc++.1.dylib in Frameworks */,
				58E042D11B2EC26300A53F02 /* libsqlite3.dylib in Frameworks */,
				58E042CF1B2EC25700A53F02 /* libstdc++.6.dylib in Frameworks */,
				58E042CD1B2EC24B00A53F02 /* libresolv.dylib in Frameworks */,
				58E042CB1B2EC23600A53F02 /* AssetsLibrary.framework in Frameworks */,
				58E042C91B2EC22200A53F02 /* AudioToolbox.framework in Frameworks */,
				58E042C71B2EC21A00A53F02 /* AVFoundation.framework in Frameworks */,
				58E042C51B2EC21300A53F02 /* CFNetwork.framework in Frameworks */,
				58E042C31B2EC20C00A53F02 /* CoreAudio.framework in Frameworks */,
				58E042C11B2EC20300A53F02 /* CoreGraphics.framework in Frameworks */,
				58E042BF1B2EC1FA00A53F02 /* CoreMedia.framework in Frameworks */,
				58E042BD1B2EC1F100A53F02 /* CoreTelephony.framework in Frameworks */,
				58E042BB1B2EC1E800A53F02 /* CoreVideo.framework in Frameworks */,
				58E042B91B2EC1E000A53F02 /* Foundation.framework in Frameworks */,
				58E042B71B2EC1D800A53F02 /* MediaPlayer.framework in Frameworks */,
				58E042B51B2EC1D100A53F02 /* MessageUI.framework in Frameworks */,
				58E042B31B2EC1C900A53F02 /* MobileCoreServices.framework in Frameworks */,
				58E042B11B2EC1C200A53F02 /* OpenGLES.framework in Frameworks */,
				58E042AF1B2EC1BA00A53F02 /* QuartzCore.framework in Frameworks */,
				58E042AD1B2EC1AB00A53F02 /* SystemConfiguration.framework in Frameworks */,
				58E042AA1B2EC17300A53F02 /* UIKit.framework in Frameworks */,
			);
			runOnlyForDeploymentPostprocessing = 0;
		};
		58E042961B2EC09600A53F02 /* Frameworks */ = {
			isa = PBXFrameworksBuildPhase;
			buildActionMask = 2147483647;
			files = (
			);
			runOnlyForDeploymentPostprocessing = 0;
		};
/* End PBXFrameworksBuildPhase section */

/* Begin PBXGroup section */
		58C42CBA1B4BA69500B6DFD5 /* Products */ = {
			isa = PBXGroup;
			children = (
				58C42CBF1B4BA69500B6DFD5 /* libtmbVoIPMob.a */,
				58C42CC11B4BA69500B6DFD5 /* libTMBVoIPMob.bundle */,
			);
			name = Products;
			sourceTree = "<group>";
		};
		58E042741B2EC09600A53F02 = {
			isa = PBXGroup;
			children = (
				58E0427F1B2EC09600A53F02 /* VoIPMobDemo */,
				58E0429C1B2EC09600A53F02 /* VoIPMobDemoTests */,
				58E042AB1B2EC18C00A53F02 /* Frameworks */,
				58E0427E1B2EC09600A53F02 /* Products */,
			);
			sourceTree = "<group>";
		};
		58E0427E1B2EC09600A53F02 /* Products */ = {
			isa = PBXGroup;
			children = (
				58E0427D1B2EC09600A53F02 /* VoIPMobDemo.app */,
				58E042991B2EC09600A53F02 /* VoIPMobDemoTests.xctest */,
			);
			name = Products;
			sourceTree = "<group>";
		};
		58E0427F1B2EC09600A53F02 /* VoIPMobDemo */ = {
			isa = PBXGroup;
			children = (
				584DCBBD1B60C47800B7718B /* tmbVoIPMob.h */,
				58E042841B2EC09600A53F02 /* AppDelegate.h */,
				58E042851B2EC09600A53F02 /* AppDelegate.m */,
				58E042871B2EC09600A53F02 /* FirstViewController.h */,
				58E042881B2EC09600A53F02 /* FirstViewController.m */,
				58E0428A1B2EC09600A53F02 /* SecondViewController.h */,
				58E0428B1B2EC09600A53F02 /* SecondViewController.m */,
				58E0428D1B2EC09600A53F02 /* Main.storyboard */,
				58E042901B2EC09600A53F02 /* Images.xcassets */,
				58E042921B2EC09600A53F02 /* LaunchScreen.xib */,
				58E042801B2EC09600A53F02 /* Supporting Files */,
			);
			path = VoIPMobDemo;
			sourceTree = "<group>";
		};
		58E042801B2EC09600A53F02 /* Supporting Files */ = {
			isa = PBXGroup;
			children = (
				58E042811B2EC09600A53F02 /* Info.plist */,
				58237AB41B39074E0012CACB /* ISee-linphonerc */,
				58E042821B2EC09600A53F02 /* main.m */,
				58F35B441B317314007F442D /* Default-568h@2x.png */,
				58F35B451B317314007F442D /* Default.png */,
				58F35B461B317314007F442D /* Default@2x.png */,
				58B70AB51B62397A0073C8B8 /* audio_file@2x.png */,
				58B70AB71B6239840073C8B8 /* vedio_type@2x.png */,
				58A5FBC81B79E55900CEF2DC /* icon.png */,
				5835E34E1B82CE260038188E /* xml */,
			);
			name = "Supporting Files";
			sourceTree = "<group>";
		};
		58E0429C1B2EC09600A53F02 /* VoIPMobDemoTests */ = {
			isa = PBXGroup;
			children = (
				58E0429F1B2EC09600A53F02 /* VoIPMobDemoTests.m */,
				58E0429D1B2EC09600A53F02 /* Supporting Files */,
			);
			path = VoIPMobDemoTests;
			sourceTree = "<group>";
		};
		58E0429D1B2EC09600A53F02 /* Supporting Files */ = {
			isa = PBXGroup;
			children = (
				58E0429E1B2EC09600A53F02 /* Info.plist */,
			);
			name = "Supporting Files";
			sourceTree = "<group>";
		};
		58E042AB1B2EC18C00A53F02 /* Frameworks */ = {
			isa = PBXGroup;
			children = (
				58C39FEE1B69CAB100DE9FCE /* libiconv.dylib */,
				58C42CB91B4BA69500B6DFD5 /* tmbVoIPMob.xcodeproj */,
				58E042D41B2EC27600A53F02 /* libz.dylib */,
				58E042D21B2EC26C00A53F02 /* libc++.1.dylib */,
				58E042D01B2EC26300A53F02 /* libsqlite3.dylib */,
				58E042CE1B2EC25700A53F02 /* libstdc++.6.dylib */,
				58E042CC1B2EC24B00A53F02 /* libresolv.dylib */,
				58E042CA1B2EC23600A53F02 /* AssetsLibrary.framework */,
				58E042C81B2EC22200A53F02 /* AudioToolbox.framework */,
				58E042C61B2EC21A00A53F02 /* AVFoundation.framework */,
				58E042C41B2EC21300A53F02 /* CFNetwork.framework */,
				58E042C21B2EC20C00A53F02 /* CoreAudio.framework */,
				58E042C01B2EC20300A53F02 /* CoreGraphics.framework */,
				58E042BE1B2EC1FA00A53F02 /* CoreMedia.framework */,
				58E042BC1B2EC1F100A53F02 /* CoreTelephony.framework */,
				58E042BA1B2EC1E800A53F02 /* CoreVideo.framework */,
				58E042B81B2EC1E000A53F02 /* Foundation.framework */,
				58E042B61B2EC1D800A53F02 /* MediaPlayer.framework */,
				58E042B41B2EC1D100A53F02 /* MessageUI.framework */,
				58E042B21B2EC1C900A53F02 /* MobileCoreServices.framework */,
				58E042B01B2EC1C200A53F02 /* OpenGLES.framework */,
				58E042AE1B2EC1BA00A53F02 /* QuartzCore.framework */,
				58E042AC1B2EC1AB00A53F02 /* SystemConfiguration.framework */,
				58E042A91B2EC17300A53F02 /* UIKit.framework */,
			);
			name = Frameworks;
			sourceTree = "<group>";
		};
/* End PBXGroup section */

/* Begin PBXNativeTarget section */
		58E0427C1B2EC09600A53F02 /* VoIPMobDemo */ = {
			isa = PBXNativeTarget;
			buildConfigurationList = 58E042A31B2EC09600A53F02 /* Build configuration list for PBXNativeTarget "VoIPMobDemo" */;
			buildPhases = (
				58E042791B2EC09600A53F02 /* Sources */,
				58E0427A1B2EC09600A53F02 /* Frameworks */,
				58E0427B1B2EC09600A53F02 /* Resources */,
			);
			buildRules = (
			);
			dependencies = (
				58C42CC71B4BAD0C00B6DFD5 /* PBXTargetDependency */,
				58C42CC51B4BAD0800B6DFD5 /* PBXTargetDependency */,
			);
			name = VoIPMobDemo;
			productName = VoIPMobDemo;
			productReference = 58E0427D1B2EC09600A53F02 /* VoIPMobDemo.app */;
			productType = "com.apple.product-type.application";
		};
		58E042981B2EC09600A53F02 /* VoIPMobDemoTests */ = {
			isa = PBXNativeTarget;
			buildConfigurationList = 58E042A61B2EC09600A53F02 /* Build configuration list for PBXNativeTarget "VoIPMobDemoTests" */;
			buildPhases = (
				58E042951B2EC09600A53F02 /* Sources */,
				58E042961B2EC09600A53F02 /* Frameworks */,
				58E042971B2EC09600A53F02 /* Resources */,
			);
			buildRules = (
			);
			dependencies = (
				58E0429B1B2EC09600A53F02 /* PBXTargetDependency */,
			);
			name = VoIPMobDemoTests;
			productName = VoIPMobDemoTests;
			productReference = 58E042991B2EC09600A53F02 /* VoIPMobDemoTests.xctest */;
			productType = "com.apple.product-type.bundle.unit-test";
		};
/* End PBXNativeTarget section */

/* Begin PBXProject section */
		58E042751B2EC09600A53F02 /* Project object */ = {
			isa = PBXProject;
			attributes = {
				LastUpgradeCheck = 0610;
				ORGANIZATIONNAME = sherwin;
				TargetAttributes = {
					58E0427C1B2EC09600A53F02 = {
						CreatedOnToolsVersion = 6.1;
					};
					58E042981B2EC09600A53F02 = {
						CreatedOnToolsVersion = 6.1;
						TestTargetID = 58E0427C1B2EC09600A53F02;
					};
				};
			};
			buildConfigurationList = 58E042781B2EC09600A53F02 /* Build configuration list for PBXProject "VoIPMobDemo" */;
			compatibilityVersion = "Xcode 3.2";
			developmentRegion = English;
			hasScannedForEncodings = 0;
			knownRegions = (
				en,
				Base,
			);
			mainGroup = 58E042741B2EC09600A53F02;
			productRefGroup = 58E0427E1B2EC09600A53F02 /* Products */;
			projectDirPath = "";
			projectReferences = (
				{
					ProductGroup = 58C42CBA1B4BA69500B6DFD5 /* Products */;
					ProjectRef = 58C42CB91B4BA69500B6DFD5 /* tmbVoIPMob.xcodeproj */;
				},
			);
			projectRoot = "";
			targets = (
				58E0427C1B2EC09600A53F02 /* VoIPMobDemo */,
				58E042981B2EC09600A53F02 /* VoIPMobDemoTests */,
			);
		};
/* End PBXProject section */

/* Begin PBXReferenceProxy section */
		58C42CBF1B4BA69500B6DFD5 /* libtmbVoIPMob.a */ = {
			isa = PBXReferenceProxy;
			fileType = archive.ar;
			path = libtmbVoIPMob.a;
			remoteRef = 58C42CBE1B4BA69500B6DFD5 /* PBXContainerItemProxy */;
			sourceTree = BUILT_PRODUCTS_DIR;
		};
		58C42CC11B4BA69500B6DFD5 /* libTMBVoIPMob.bundle */ = {
			isa = PBXReferenceProxy;
			fileType = wrapper.cfbundle;
			path = libTMBVoIPMob.bundle;
			remoteRef = 58C42CC01B4BA69500B6DFD5 /* PBXContainerItemProxy */;
			sourceTree = BUILT_PRODUCTS_DIR;
		};
/* End PBXReferenceProxy section */

/* Begin PBXResourcesBuildPhase section */
		58E0427B1B2EC09600A53F02 /* Resources */ = {
			isa = PBXResourcesBuildPhase;
			buildActionMask = 2147483647;
			files = (
				5835E34F1B82CE260038188E /* xml in Resources */,
				58C42CC91B4BB2C000B6DFD5 /* libTMBVoIPMob.bundle in Resources */,
				58F35B481B317314007F442D /* Default.png in Resources */,
				58E0428F1B2EC09600A53F02 /* Main.storyboard in Resources */,
				58E042941B2EC09600A53F02 /* LaunchScreen.xib in Resources */,
				58237AB51B39074E0012CACB /* ISee-linphonerc in Resources */,
				58F35B471B317314007F442D /* Default-568h@2x.png in Resources */,
				58A5FBC91B79E55900CEF2DC /* icon.png in Resources */,
				58B70AB61B62397A0073C8B8 /* audio_file@2x.png in Resources */,
				58F35B491B317314007F442D /* Default@2x.png in Resources */,
				58B70AB81B6239840073C8B8 /* vedio_type@2x.png in Resources */,
				58E042911B2EC09600A53F02 /* Images.xcassets in Resources */,
			);
			runOnlyForDeploymentPostprocessing = 0;
		};
		58E042971B2EC09600A53F02 /* Resources */ = {
			isa = PBXResourcesBuildPhase;
			buildActionMask = 2147483647;
			files = (
			);
			runOnlyForDeploymentPostprocessing = 0;
		};
/* End PBXResourcesBuildPhase section */

/* Begin PBXSourcesBuildPhase section */
		58E042791B2EC09600A53F02 /* Sources */ = {
			isa = PBXSourcesBuildPhase;
			buildActionMask = 2147483647;
			files = (
				58E0428C1B2EC09600A53F02 /* SecondViewController.m in Sources */,
				58E042861B2EC09600A53F02 /* AppDelegate.m in Sources */,
				58E042891B2EC09600A53F02 /* FirstViewController.m in Sources */,
				58E042831B2EC09600A53F02 /* main.m in Sources */,
			);
			runOnlyForDeploymentPostprocessing = 0;
		};
		58E042951B2EC09600A53F02 /* Sources */ = {
			isa = PBXSourcesBuildPhase;
			buildActionMask = 2147483647;
			files = (
				58E042A01B2EC09600A53F02 /* VoIPMobDemoTests.m in Sources */,
			);
			runOnlyForDeploymentPostprocessing = 0;
		};
/* End PBXSourcesBuildPhase section */

/* Begin PBXTargetDependency section */
		58C42CC51B4BAD0800B6DFD5 /* PBXTargetDependency */ = {
			isa = PBXTargetDependency;
			name = tmbVoIPMob;
			targetProxy = 58C42CC41B4BAD0800B6DFD5 /* PBXContainerItemProxy */;
		};
		58C42CC71B4BAD0C00B6DFD5 /* PBXTargetDependency */ = {
			isa = PBXTargetDependency;
			name = libTMBVoIPMob;
			targetProxy = 58C42CC61B4BAD0C00B6DFD5 /* PBXContainerItemProxy */;
		};
		58E0429B1B2EC09600A53F02 /* PBXTargetDependency */ = {
			isa = PBXTargetDependency;
			target = 58E0427C1B2EC09600A53F02 /* VoIPMobDemo */;
			targetProxy = 58E0429A1B2EC09600A53F02 /* PBXContainerItemProxy */;
		};
/* End PBXTargetDependency section */

/* Begin PBXVariantGroup section */
		58E0428D1B2EC09600A53F02 /* Main.storyboard */ = {
			isa = PBXVariantGroup;
			children = (
				58E0428E1B2EC09600A53F02 /* Base */,
			);
			name = Main.storyboard;
			sourceTree = "<group>";
		};
		58E042921B2EC09600A53F02 /* LaunchScreen.xib */ = {
			isa = PBXVariantGroup;
			children = (
				58E042931B2EC09600A53F02 /* Base */,
			);
			name = LaunchScreen.xib;
			sourceTree = "<group>";
		};
/* End PBXVariantGroup section */

/* Begin XCBuildConfiguration section */
		58E042A11B2EC09600A53F02 /* Debug */ = {
			isa = XCBuildConfiguration;
			buildSettings = {
				ALWAYS_SEARCH_USER_PATHS = NO;
				CLANG_CXX_LANGUAGE_STANDARD = "gnu++0x";
				CLANG_CXX_LIBRARY = "libc++";
				CLANG_ENABLE_MODULES = YES;
				CLANG_ENABLE_OBJC_ARC = YES;
				CLANG_WARN_BOOL_CONVERSION = YES;
				CLANG_WARN_CONSTANT_CONVERSION = YES;
				CLANG_WARN_DIRECT_OBJC_ISA_USAGE = YES_ERROR;
				CLANG_WARN_EMPTY_BODY = YES;
				CLANG_WARN_ENUM_CONVERSION = YES;
				CLANG_WARN_INT_CONVERSION = YES;
				CLANG_WARN_OBJC_ROOT_CLASS = YES_ERROR;
				CLANG_WARN_UNREACHABLE_CODE = YES;
				CLANG_WARN__DUPLICATE_METHOD_MATCH = YES;
				"CODE_SIGN_IDENTITY[sdk=iphoneos*]" = "iPhone Developer";
				COPY_PHASE_STRIP = NO;
				ENABLE_STRICT_OBJC_MSGSEND = YES;
				GCC_C_LANGUAGE_STANDARD = gnu99;
				GCC_DYNAMIC_NO_PIC = NO;
				GCC_OPTIMIZATION_LEVEL = 0;
				GCC_PREPROCESSOR_DEFINITIONS = (
					"DEBUG=1",
					"$(inherited)",
				);
				GCC_SYMBOLS_PRIVATE_EXTERN = NO;
				GCC_WARN_64_TO_32_BIT_CONVERSION = YES;
				GCC_WARN_ABOUT_RETURN_TYPE = YES_ERROR;
				GCC_WARN_UNDECLARED_SELECTOR = YES;
				GCC_WARN_UNINITIALIZED_AUTOS = YES_AGGRESSIVE;
				GCC_WARN_UNUSED_FUNCTION = YES;
				GCC_WARN_UNUSED_VARIABLE = YES;
				IPHONEOS_DEPLOYMENT_TARGET = 8.1;
				MTL_ENABLE_DEBUG_INFO = YES;
				ONLY_ACTIVE_ARCH = YES;
				SDKROOT = iphoneos;
			};
			name = Debug;
		};
		58E042A21B2EC09600A53F02 /* Release */ = {
			isa = XCBuildConfiguration;
			buildSettings = {
				ALWAYS_SEARCH_USER_PATHS = NO;
				CLANG_CXX_LANGUAGE_STANDARD = "gnu++0x";
				CLANG_CXX_LIBRARY = "libc++";
				CLANG_ENABLE_MODULES = YES;
				CLANG_ENABLE_OBJC_ARC = YES;
				CLANG_WARN_BOOL_CONVERSION = YES;
				CLANG_WARN_CONSTANT_CONVERSION = YES;
				CLANG_WARN_DIRECT_OBJC_ISA_USAGE = YES_ERROR;
				CLANG_WARN_EMPTY_BODY = YES;
				CLANG_WARN_ENUM_CONVERSION = YES;
				CLANG_WARN_INT_CONVERSION = YES;
				CLANG_WARN_OBJC_ROOT_CLASS = YES_ERROR;
				CLANG_WARN_UNREACHABLE_CODE = YES;
				CLANG_WARN__DUPLICATE_METHOD_MATCH = YES;
				"CODE_SIGN_IDENTITY[sdk=iphoneos*]" = "iPhone Developer";
				COPY_PHASE_STRIP = YES;
				ENABLE_NS_ASSERTIONS = NO;
				ENABLE_STRICT_OBJC_MSGSEND = YES;
				GCC_C_LANGUAGE_STANDARD = gnu99;
				GCC_WARN_64_TO_32_BIT_CONVERSION = YES;
				GCC_WARN_ABOUT_RETURN_TYPE = YES_ERROR;
				GCC_WARN_UNDECLARED_SELECTOR = YES;
				GCC_WARN_UNINITIALIZED_AUTOS = YES_AGGRESSIVE;
				GCC_WARN_UNUSED_FUNCTION = YES;
				GCC_WARN_UNUSED_VARIABLE = YES;
				IPHONEOS_DEPLOYMENT_TARGET = 8.1;
				MTL_ENABLE_DEBUG_INFO = NO;
				SDKROOT = iphoneos;
				VALIDATE_PRODUCT = YES;
			};
			name = Release;
		};
		58E042A41B2EC09600A53F02 /* Debug */ = {
			isa = XCBuildConfiguration;
			buildSettings = {
				ASSETCATALOG_COMPILER_APPICON_NAME = AppIcon;
				INFOPLIST_FILE = VoIPMobDemo/Info.plist;
				IPHONEOS_DEPLOYMENT_TARGET = 7.0;
				LD_RUNPATH_SEARCH_PATHS = "$(inherited) @executable_path/Frameworks";
				OTHER_LDFLAGS = (
					"-ObjC",
					"-lxml2",
				);
				PRODUCT_NAME = "$(TARGET_NAME)";
				VALID_ARCHS = "arm64 armv7";
			};
			name = Debug;
		};
		58E042A51B2EC09600A53F02 /* Release */ = {
			isa = XCBuildConfiguration;
			buildSettings = {
				ASSETCATALOG_COMPILER_APPICON_NAME = AppIcon;
				INFOPLIST_FILE = VoIPMobDemo/Info.plist;
				IPHONEOS_DEPLOYMENT_TARGET = 7.0;
				LD_RUNPATH_SEARCH_PATHS = "$(inherited) @executable_path/Frameworks";
				OTHER_LDFLAGS = (
					"-ObjC",
					"-lxml2",
				);
				PRODUCT_NAME = "$(TARGET_NAME)";
				VALID_ARCHS = "arm64 armv7";
			};
			name = Release;
		};
		58E042A71B2EC09600A53F02 /* Debug */ = {
			isa = XCBuildConfiguration;
			buildSettings = {
				BUNDLE_LOADER = "$(TEST_HOST)";
				FRAMEWORK_SEARCH_PATHS = (
					"$(SDKROOT)/Developer/Library/Frameworks",
					"$(inherited)",
				);
				GCC_PREPROCESSOR_DEFINITIONS = (
					"DEBUG=1",
					"$(inherited)",
				);
				INFOPLIST_FILE = VoIPMobDemoTests/Info.plist;
				LD_RUNPATH_SEARCH_PATHS = "$(inherited) @executable_path/Frameworks @loader_path/Frameworks";
				PRODUCT_NAME = "$(TARGET_NAME)";
				TEST_HOST = "$(BUILT_PRODUCTS_DIR)/VoIPMobDemo.app/VoIPMobDemo";
			};
			name = Debug;
		};
		58E042A81B2EC09600A53F02 /* Release */ = {
			isa = XCBuildConfiguration;
			buildSettings = {
				BUNDLE_LOADER = "$(TEST_HOST)";
				FRAMEWORK_SEARCH_PATHS = (
					"$(SDKROOT)/Developer/Library/Frameworks",
					"$(inherited)",
				);
				INFOPLIST_FILE = VoIPMobDemoTests/Info.plist;
				LD_RUNPATH_SEARCH_PATHS = "$(inherited) @executable_path/Frameworks @loader_path/Frameworks";
				PRODUCT_NAME = "$(TARGET_NAME)";
				TEST_HOST = "$(BUILT_PRODUCTS_DIR)/VoIPMobDemo.app/VoIPMobDemo";
			};
			name = Release;
		};
/* End XCBuildConfiguration section */

/* Begin XCConfigurationList section */
		58E042781B2EC09600A53F02 /* Build configuration list for PBXProject "VoIPMobDemo" */ = {
			isa = XCConfigurationList;
			buildConfigurations = (
				58E042A11B2EC09600A53F02 /* Debug */,
				58E042A21B2EC09600A53F02 /* Release */,
			);
			defaultConfigurationIsVisible = 0;
			defaultConfigurationName = Release;
		};
		58E042A31B2EC09600A53F02 /* Build configuration list for PBXNativeTarget "VoIPMobDemo" */ = {
			isa = XCConfigurationList;
			buildConfigurations = (
				58E042A41B2EC09600A53F02 /* Debug */,
				58E042A51B2EC09600A53F02 /* Release */,
			);
			defaultConfigurationIsVisible = 0;
			defaultConfigurationName = Release;
		};
		58E042A61B2EC09600A53F02 /* Build configuration list for PBXNativeTarget "VoIPMobDemoTests" */ = {
			isa = XCConfigurationList;
			buildConfigurations = (
				58E042A71B2EC09600A53F02 /* Debug */,
				58E042A81B2EC09600A53F02 /* Release */,
			);
			defaultConfigurationIsVisible = 0;
			defaultConfigurationName = Release;
		};
/* End XCConfigurationList section */
	};
	rootObject = 58E042751B2EC09600A53F02 /* Project object */;
}
